
Microsoft Visual Studio Solution File, Format Version 12.00
# Visual Studio 2013
VisualStudioVersion = 12.0.40629.0
MinimumVisualStudioVersion = 10.0.40219.1
Project("{FAE04EC0-301F-11D3-BF4B-00C04F79EFBC}") = "livep.api", "livep.api\livep.api.csproj", "{440DCD7C-F5FD-4E65-B40F-458EABC624D0}"
EndProject
Project("{FAE04EC0-301F-11D3-BF4B-00C04F79EFBC}") = "livep.model", "livep.model\livep.model.csproj", "{6B6C49F2-67A7-42EF-A7C1-8F819F79552B}"
EndProject
Project("{FAE04EC0-301F-11D3-BF4B-00C04F79EFBC}") = "livep.services", "livep.services\livep.services.csproj", "{5AA39F4F-6D41-4B29-AFED-4081346A556D}"
EndProject
Global
	GlobalSection(SolutionConfigurationPlatforms) = preSolution
		Debug|Any CPU = Debug|Any CPU
		Release|Any CPU = Release|Any CPU
	EndGlobalSection
	GlobalSection(ProjectConfigurationPlatforms) = postSolution
		{440DCD7C-F5FD-4E65-B40F-458EABC624D0}.Debug|Any CPU.ActiveCfg = Debug|Any CPU
		{440DCD7C-F5FD-4E65-B40F-458EABC624D0}.Debug|Any CPU.Build.0 = Debug|Any CPU
		{440DCD7C-F5FD-4E65-B40F-458EABC624D0}.Release|Any CPU.ActiveCfg = Release|Any CPU
		{440DCD7C-F5FD-4E65-B40F-458EABC624D0}.Release|Any CPU.Build.0 = Release|Any CPU
		{6B6C49F2-67A7-42EF-A7C1-8F819F79552B}.Debug|Any CPU.ActiveCfg = Debug|Any CPU
		{6B6C49F2-67A7-42EF-A7C1-8F819F79552B}.Debug|Any CPU.Build.0 = Debug|Any CPU
		{6B6C49F2-67A7-42EF-A7C1-8F819F79552B}.Release|Any CPU.ActiveCfg = Release|Any CPU
		{6B6C49F2-67A7-42EF-A7C1-8F819F79552B}.Release|Any CPU.Build.0 = Release|Any CPU
		{5AA39F4F-6D41-4B29-AFED-4081346A556D}.Debug|Any CPU.ActiveCfg = Debug|Any CPU
		{5AA39F4F-6D41-4B29-AFED-4081346A556D}.Debug|Any CPU.Build.0 = Debug|Any CPU
		{5AA39F4F-6D41-4B29-AFED-4081346A556D}.Release|Any CPU.ActiveCfg = Release|Any CPU
		{5AA39F4F-6D41-4B29-AFED-4081346A556D}.Release|Any CPU.Build.0 = Release|Any CPU
	EndGlobalSection
	GlobalSection(SolutionProperties) = preSolution
		HideSolutionNode = FALSE
	EndGlobalSection
EndGlobal
